
Microsoft Visual Studio Solution File, Format Version 12.00
# Visual Studio Version 16
VisualStudioVersion = 16.0.31205.134
MinimumVisualStudioVersion = 10.0.40219.1
Project("{FAE04EC0-301F-11D3-BF4B-00C04F79EFBC}") = "XCollectionView.Android", "XCollectionView.Android\XCollectionView.Android.csproj", "{55E731C1-C91F-483F-B792-6C35AAC53F10}"
EndProject
Project("{FAE04EC0-301F-11D3-BF4B-00C04F79EFBC}") = "XCollectionView.iOS", "XCollectionView.iOS\XCollectionView.iOS.csproj", "{1CCE6A71-5385-4446-8F39-4C8E01BAA34D}"
EndProject
Project("{FAE04EC0-301F-11D3-BF4B-00C04F79EFBC}") = "XCollectionView", "XCollectionView\XCollectionView.csproj", "{E15CD17E-4D8A-44A9-840C-BBBE3E35EC7B}"
EndProject
Global
	GlobalSection(SolutionConfigurationPlatforms) = preSolution
		Debug|Any CPU = Debug|Any CPU
		Debug|iPhone = Debug|iPhone
		Debug|iPhoneSimulator = Debug|iPhoneSimulator
		Release|Any CPU = Release|Any CPU
		Release|iPhone = Release|iPhone
		Release|iPhoneSimulator = Release|iPhoneSimulator
	EndGlobalSection
	GlobalSection(ProjectConfigurationPlatforms) = postSolution
		{55E731C1-C91F-483F-B792-6C35AAC53F10}.Debug|Any CPU.ActiveCfg = Debug|Any CPU
		{55E731C1-C91F-483F-B792-6C35AAC53F10}.Debug|Any CPU.Build.0 = Debug|Any CPU
		{55E731C1-C91F-483F-B792-6C35AAC53F10}.Debug|Any CPU.Deploy.0 = Debug|Any CPU
		{55E731C1-C91F-483F-B792-6C35AAC53F10}.Debug|iPhone.ActiveCfg = Debug|Any CPU
		{55E731C1-C91F-483F-B792-6C35AAC53F10}.Debug|iPhone.Build.0 = Debug|Any CPU
		{55E731C1-C91F-483F-B792-6C35AAC53F10}.Debug|iPhone.Deploy.0 = Debug|Any CPU
		{55E731C1-C91F-483F-B792-6C35AAC53F10}.Debug|iPhoneSimulator.ActiveCfg = Debug|Any CPU
		{55E731C1-C91F-483F-B792-6C35AAC53F10}.Debug|iPhoneSimulator.Build.0 = Debug|Any CPU
		{55E731C1-C91F-483F-B792-6C35AAC53F10}.Debug|iPhoneSimulator.Deploy.0 = Debug|Any CPU
		{55E731C1-C91F-483F-B792-6C35AAC53F10}.Release|Any CPU.ActiveCfg = Release|Any CPU
		{55E731C1-C91F-483F-B792-6C35AAC53F10}.Release|Any CPU.Build.0 = Release|Any CPU
		{55E731C1-C91F-483F-B792-6C35AAC53F10}.Release|Any CPU.Deploy.0 = Release|Any CPU
		{55E731C1-C91F-483F-B792-6C35AAC53F10}.Release|iPhone.ActiveCfg = Release|Any CPU
		{55E731C1-C91F-483F-B792-6C35AAC53F10}.Release|iPhone.Build.0 = Release|Any CPU
		{55E731C1-C91F-483F-B792-6C35AAC53F10}.Release|iPhone.Deploy.0 = Release|Any CPU
		{55E731C1-C91F-483F-B792-6C35AAC53F10}.Release|iPhoneSimulator.ActiveCfg = Release|Any CPU
		{55E731C1-C91F-483F-B792-6C35AAC53F10}.Release|iPhoneSimulator.Build.0 = Release|Any CPU
		{55E731C1-C91F-483F-B792-6C35AAC53F10}.Release|iPhoneSimulator.Deploy.0 = Release|Any CPU
		{1CCE6A71-5385-4446-8F39-4C8E01BAA34D}.Debug|Any CPU.ActiveCfg = Debug|iPhone
		{1CCE6A71-5385-4446-8F39-4C8E01BAA34D}.Debug|Any CPU.Build.0 = Debug|iPhone
		{1CCE6A71-5385-4446-8F39-4C8E01BAA34D}.Debug|Any CPU.Deploy.0 = Debug|iPhone
		{1CCE6A71-5385-4446-8F39-4C8E01BAA34D}.Debug|iPhone.ActiveCfg = Debug|iPhone
		{1CCE6A71-5385-4446-8F39-4C8E01BAA34D}.Debug|iPhone.Build.0 = Debug|iPhone
		{1CCE6A71-5385-4446-8F39-4C8E01BAA34D}.Debug|iPhone.Deploy.0 = Debug|iPhone
		{1CCE6A71-5385-4446-8F39-4C8E01BAA34D}.Debug|iPhoneSimulator.ActiveCfg = Debug|iPhoneSimulator
		{1CCE6A71-5385-4446-8F39-4C8E01BAA34D}.Debug|iPhoneSimulator.Build.0 = Debug|iPhoneSimulator
		{1CCE6A71-5385-4446-8F39-4C8E01BAA34D}.Debug|iPhoneSimulator.Deploy.0 = Debug|iPhoneSimulator
		{1CCE6A71-5385-4446-8F39-4C8E01BAA34D}.Release|Any CPU.ActiveCfg = Release|iPhoneSimulator
		{1CCE6A71-5385-4446-8F39-4C8E01BAA34D}.Release|Any CPU.Build.0 = Release|iPhoneSimulator
		{1CCE6A71-5385-4446-8F39-4C8E01BAA34D}.Release|Any CPU.Deploy.0 = Release|iPhoneSimulator
		{1CCE6A71-5385-4446-8F39-4C8E01BAA34D}.Release|iPhone.ActiveCfg = Release|iPhone
		{1CCE6A71-5385-4446-8F39-4C8E01BAA34D}.Release|iPhone.Build.0 = Release|iPhone
		{1CCE6A71-5385-4446-8F39-4C8E01BAA34D}.Release|iPhone.Deploy.0 = Release|iPhone
		{1CCE6A71-5385-4446-8F39-4C8E01BAA34D}.Release|iPhoneSimulator.ActiveCfg = Release|iPhoneSimulator
		{1CCE6A71-5385-4446-8F39-4C8E01BAA34D}.Release|iPhoneSimulator.Build.0 = Release|iPhoneSimulator
		{1CCE6A71-5385-4446-8F39-4C8E01BAA34D}.Release|iPhoneSimulator.Deploy.0 = Release|iPhoneSimulator
		{E15CD17E-4D8A-44A9-840C-BBBE3E35EC7B}.Debug|Any CPU.ActiveCfg = Debug|Any CPU
		{E15CD17E-4D8A-44A9-840C-BBBE3E35EC7B}.Debug|Any CPU.Build.0 = Debug|Any CPU
		{E15CD17E-4D8A-44A9-840C-BBBE3E35EC7B}.Debug|Any CPU.Deploy.0 = Debug|Any CPU
		{E15CD17E-4D8A-44A9-840C-BBBE3E35EC7B}.Debug|iPhone.ActiveCfg = Debug|Any CPU
		{E15CD17E-4D8A-44A9-840C-BBBE3E35EC7B}.Debug|iPhone.Build.0 = Debug|Any CPU
		{E15CD17E-4D8A-44A9-840C-BBBE3E35EC7B}.Debug|iPhone.Deploy.0 = Debug|Any CPU
		{E15CD17E-4D8A-44A9-840C-BBBE3E35EC7B}.Debug|iPhoneSimulator.ActiveCfg = Debug|Any CPU
		{E15CD17E-4D8A-44A9-840C-BBBE3E35EC7B}.Debug|iPhoneSimulator.Build.0 = Debug|Any CPU
		{E15CD17E-4D8A-44A9-840C-BBBE3E35EC7B}.Debug|iPhoneSimulator.Deploy.0 = Debug|Any CPU
		{E15CD17E-4D8A-44A9-840C-BBBE3E35EC7B}.Release|Any CPU.ActiveCfg = Release|Any CPU
		{E15CD17E-4D8A-44A9-840C-BBBE3E35EC7B}.Release|Any CPU.Build.0 = Release|Any CPU
		{E15CD17E-4D8A-44A9-840C-BBBE3E35EC7B}.Release|Any CPU.Deploy.0 = Release|Any CPU
		{E15CD17E-4D8A-44A9-840C-BBBE3E35EC7B}.Release|iPhone.ActiveCfg = Release|Any CPU
		{E15CD17E-4D8A-44A9-840C-BBBE3E35EC7B}.Release|iPhone.Build.0 = Release|Any CPU
		{E15CD17E-4D8A-44A9-840C-BBBE3E35EC7B}.Release|iPhone.Deploy.0 = Release|Any CPU
		{E15CD17E-4D8A-44A9-840C-BBBE3E35EC7B}.Release|iPhoneSimulator.ActiveCfg = Release|Any CPU
		{E15CD17E-4D8A-44A9-840C-BBBE3E35EC7B}.Release|iPhoneSimulator.Build.0 = Release|Any CPU
		{E15CD17E-4D8A-44A9-840C-BBBE3E35EC7B}.Release|iPhoneSimulator.Deploy.0 = Release|Any CPU
	EndGlobalSection
	GlobalSection(SolutionProperties) = preSolution
		HideSolutionNode = FALSE
	EndGlobalSection
	GlobalSection(ExtensibilityGlobals) = postSolution
		SolutionGuid = {2A5FC9FA-AEF9-4398-9B99-FF22A21DE78A}
	EndGlobalSection
EndGlobal
